
Microsoft Visual Studio Solution File, Format Version 11.00
# Visual Studio 2010
Project("{FAE04EC0-301F-11D3-BF4B-00C04F79EFBC}") = "WindowsFormsApplication1", "WindowsFormsApplication1\WindowsFormsApplication1.csproj", "{FAC4EBCC-442B-466C-9261-A9E977C1C20D}"
EndProject
Project("{FAE04EC0-301F-11D3-BF4B-00C04F79EFBC}") = "Skybound.Gecko", "..\..\Skybound.GeckoFX.src.v1.9.1.0\src\Skybound.Gecko\Skybound.Gecko.csproj", "{877D1A24-2D5E-4C46-A933-FCF11EA0403B}"
EndProject
Global
	GlobalSection(SolutionConfigurationPlatforms) = preSolution
		Debug 1.8|Any CPU = Debug 1.8|Any CPU
		Debug 1.8|Mixed Platforms = Debug 1.8|Mixed Platforms
		Debug 1.8|x86 = Debug 1.8|x86
		Debug 1.9|Any CPU = Debug 1.9|Any CPU
		Debug 1.9|Mixed Platforms = Debug 1.9|Mixed Platforms
		Debug 1.9|x86 = Debug 1.9|x86
		Debug|Any CPU = Debug|Any CPU
		Debug|Mixed Platforms = Debug|Mixed Platforms
		Debug|x86 = Debug|x86
		Release|Any CPU = Release|Any CPU
		Release|Mixed Platforms = Release|Mixed Platforms
		Release|x86 = Release|x86
	EndGlobalSection
	GlobalSection(ProjectConfigurationPlatforms) = postSolution
		{FAC4EBCC-442B-466C-9261-A9E977C1C20D}.Debug 1.8|Any CPU.ActiveCfg = Debug|x86
		{FAC4EBCC-442B-466C-9261-A9E977C1C20D}.Debug 1.8|Mixed Platforms.ActiveCfg = Debug|x86
		{FAC4EBCC-442B-466C-9261-A9E977C1C20D}.Debug 1.8|Mixed Platforms.Build.0 = Debug|x86
		{FAC4EBCC-442B-466C-9261-A9E977C1C20D}.Debug 1.8|x86.ActiveCfg = Debug|x86
		{FAC4EBCC-442B-466C-9261-A9E977C1C20D}.Debug 1.8|x86.Build.0 = Debug|x86
		{FAC4EBCC-442B-466C-9261-A9E977C1C20D}.Debug 1.9|Any CPU.ActiveCfg = Debug|x86
		{FAC4EBCC-442B-466C-9261-A9E977C1C20D}.Debug 1.9|Mixed Platforms.ActiveCfg = Debug|x86
		{FAC4EBCC-442B-466C-9261-A9E977C1C20D}.Debug 1.9|Mixed Platforms.Build.0 = Debug|x86
		{FAC4EBCC-442B-466C-9261-A9E977C1C20D}.Debug 1.9|x86.ActiveCfg = Debug|x86
		{FAC4EBCC-442B-466C-9261-A9E977C1C20D}.Debug 1.9|x86.Build.0 = Debug|x86
		{FAC4EBCC-442B-466C-9261-A9E977C1C20D}.Debug|Any CPU.ActiveCfg = Debug|x86
		{FAC4EBCC-442B-466C-9261-A9E977C1C20D}.Debug|Mixed Platforms.ActiveCfg = Debug|x86
		{FAC4EBCC-442B-466C-9261-A9E977C1C20D}.Debug|Mixed Platforms.Build.0 = Debug|x86
		{FAC4EBCC-442B-466C-9261-A9E977C1C20D}.Debug|x86.ActiveCfg = Debug|x86
		{FAC4EBCC-442B-466C-9261-A9E977C1C20D}.Debug|x86.Build.0 = Debug|x86
		{FAC4EBCC-442B-466C-9261-A9E977C1C20D}.Release|Any CPU.ActiveCfg = Release|x86
		{FAC4EBCC-442B-466C-9261-A9E977C1C20D}.Release|Mixed Platforms.ActiveCfg = Release|x86
		{FAC4EBCC-442B-466C-9261-A9E977C1C20D}.Release|Mixed Platforms.Build.0 = Release|x86
		{FAC4EBCC-442B-466C-9261-A9E977C1C20D}.Release|x86.ActiveCfg = Release|x86
		{FAC4EBCC-442B-466C-9261-A9E977C1C20D}.Release|x86.Build.0 = Release|x86
		{877D1A24-2D5E-4C46-A933-FCF11EA0403B}.Debug 1.8|Any CPU.ActiveCfg = Debug 1.8|Any CPU
		{877D1A24-2D5E-4C46-A933-FCF11EA0403B}.Debug 1.8|Any CPU.Build.0 = Debug 1.8|Any CPU
		{877D1A24-2D5E-4C46-A933-FCF11EA0403B}.Debug 1.8|Mixed Platforms.ActiveCfg = Debug 1.8|Any CPU
		{877D1A24-2D5E-4C46-A933-FCF11EA0403B}.Debug 1.8|Mixed Platforms.Build.0 = Debug 1.8|Any CPU
		{877D1A24-2D5E-4C46-A933-FCF11EA0403B}.Debug 1.8|x86.ActiveCfg = Debug 1.8|Any CPU
		{877D1A24-2D5E-4C46-A933-FCF11EA0403B}.Debug 1.9|Any CPU.ActiveCfg = Debug 1.9|Any CPU
		{877D1A24-2D5E-4C46-A933-FCF11EA0403B}.Debug 1.9|Any CPU.Build.0 = Debug 1.9|Any CPU
		{877D1A24-2D5E-4C46-A933-FCF11EA0403B}.Debug 1.9|Mixed Platforms.ActiveCfg = Debug 1.9|Any CPU
		{877D1A24-2D5E-4C46-A933-FCF11EA0403B}.Debug 1.9|Mixed Platforms.Build.0 = Debug 1.9|Any CPU
		{877D1A24-2D5E-4C46-A933-FCF11EA0403B}.Debug 1.9|x86.ActiveCfg = Debug 1.9|Any CPU
		{877D1A24-2D5E-4C46-A933-FCF11EA0403B}.Debug|Any CPU.ActiveCfg = Debug|Any CPU
		{877D1A24-2D5E-4C46-A933-FCF11EA0403B}.Debug|Any CPU.Build.0 = Debug|Any CPU
		{877D1A24-2D5E-4C46-A933-FCF11EA0403B}.Debug|Mixed Platforms.ActiveCfg = Debug|Any CPU
		{877D1A24-2D5E-4C46-A933-FCF11EA0403B}.Debug|Mixed Platforms.Build.0 = Debug|Any CPU
		{877D1A24-2D5E-4C46-A933-FCF11EA0403B}.Debug|x86.ActiveCfg = Debug|Any CPU
		{877D1A24-2D5E-4C46-A933-FCF11EA0403B}.Release|Any CPU.ActiveCfg = Release|Any CPU
		{877D1A24-2D5E-4C46-A933-FCF11EA0403B}.Release|Any CPU.Build.0 = Release|Any CPU
		{877D1A24-2D5E-4C46-A933-FCF11EA0403B}.Release|Mixed Platforms.ActiveCfg = Release|Any CPU
		{877D1A24-2D5E-4C46-A933-FCF11EA0403B}.Release|Mixed Platforms.Build.0 = Release|Any CPU
		{877D1A24-2D5E-4C46-A933-FCF11EA0403B}.Release|x86.ActiveCfg = Release|Any CPU
	EndGlobalSection
	GlobalSection(SolutionProperties) = preSolution
		HideSolutionNode = FALSE
	EndGlobalSection
EndGlobal
